
Microsoft Visual Studio Solution File, Format Version 12.00
Project("{FAE04EC0-301F-11D3-BF4B-00C04F79EFBC}") = "ZData", "ZData\ZData.csproj", "{783B90A5-6993-425C-AC46-6847A4E81928}"
EndProject
Project("{FAE04EC0-301F-11D3-BF4B-00C04F79EFBC}") = "ZData.Sample", "ZData.Sample\ZData.Sample.csproj", "{98C595ED-D0A8-4318-8661-B83AC2570E5C}"
EndProject
Project("{FAE04EC0-301F-11D3-BF4B-00C04F79EFBC}") = "ZData.Benchmark", "ZData.Benchmark\ZData.Benchmark.csproj", "{77E62E7D-C026-42B2-801E-DC1FDFFA6686}"
EndProject
Global
	GlobalSection(SolutionConfigurationPlatforms) = preSolution
		Debug|Any CPU = Debug|Any CPU
		Release|Any CPU = Release|Any CPU
	EndGlobalSection
	GlobalSection(ProjectConfigurationPlatforms) = postSolution
		{783B90A5-6993-425C-AC46-6847A4E81928}.Debug|Any CPU.ActiveCfg = Debug|Any CPU
		{783B90A5-6993-425C-AC46-6847A4E81928}.Debug|Any CPU.Build.0 = Debug|Any CPU
		{783B90A5-6993-425C-AC46-6847A4E81928}.Release|Any CPU.ActiveCfg = Release|Any CPU
		{783B90A5-6993-425C-AC46-6847A4E81928}.Release|Any CPU.Build.0 = Release|Any CPU
		{98C595ED-D0A8-4318-8661-B83AC2570E5C}.Debug|Any CPU.ActiveCfg = Debug|Any CPU
		{98C595ED-D0A8-4318-8661-B83AC2570E5C}.Debug|Any CPU.Build.0 = Debug|Any CPU
		{98C595ED-D0A8-4318-8661-B83AC2570E5C}.Release|Any CPU.ActiveCfg = Release|Any CPU
		{98C595ED-D0A8-4318-8661-B83AC2570E5C}.Release|Any CPU.Build.0 = Release|Any CPU
		{77E62E7D-C026-42B2-801E-DC1FDFFA6686}.Debug|Any CPU.ActiveCfg = Debug|Any CPU
		{77E62E7D-C026-42B2-801E-DC1FDFFA6686}.Debug|Any CPU.Build.0 = Debug|Any CPU
		{77E62E7D-C026-42B2-801E-DC1FDFFA6686}.Release|Any CPU.ActiveCfg = Release|Any CPU
		{77E62E7D-C026-42B2-801E-DC1FDFFA6686}.Release|Any CPU.Build.0 = Release|Any CPU
	EndGlobalSection
EndGlobal
